<?xml version="1.0" encoding="utf-8"?>
<Project ToolsVersion="4.0" xmlns="http://schemas.microsoft.com/developer/msbuild/2003">
  <ItemGroup>
    <Filter Include="Default">
      <UniqueIdentifier>{86f8e84b-9880-47b2-bae8-9c9ed1305136}</UniqueIdentifier>
    </Filter>
    <Filter Include="Engine">
      <UniqueIdentifier>{57be7cc2-5a0a-4f95-bc94-b786ecd2a8f0}</UniqueIdentifier>
    </Filter>
    <Filter Include="Engine\01. Engine">
      <UniqueIdentifier>{1b88aaca-0287-444d-a9b7-ad80c774f1fb}</UniqueIdentifier>
    </Filter>
    <Filter Include="Engine\00. Header">
      <UniqueIdentifier>{cf1f28e7-bc77-4df4-94ac-476b417cf83c}</UniqueIdentifier>
    </Filter>
    <Filter Include="Engine\04. Level">
      <UniqueIdentifier>{69e412aa-9d8f-4e7a-9bc2-db34e3fbd5cb}</UniqueIdentifier>
    </Filter>
    <Filter Include="Engine\03. Manager">
      <UniqueIdentifier>{1827d2b1-d7c3-4612-bfb9-f931f4ff0cdb}</UniqueIdentifier>
    </Filter>
    <Filter Include="Engine\03. Manager\01. TimeMgr">
      <UniqueIdentifier>{4616569d-f3c3-466b-8cab-bc1ed3bf1d1a}</UniqueIdentifier>
    </Filter>
    <Filter Include="Engine\03. Manager\02. KeyMgr">
      <UniqueIdentifier>{d31e3928-94fe-4541-b38a-336f0ce85313}</UniqueIdentifier>
    </Filter>
    <Filter Include="Engine\03. Manager\03. LevelMgr">
      <UniqueIdentifier>{7d263864-ed07-4e69-9287-917adfa5e12d}</UniqueIdentifier>
    </Filter>
    <Filter Include="Engine\02. Device">
      <UniqueIdentifier>{afa8f50f-da75-47a1-bdca-9a48136e5cd6}</UniqueIdentifier>
    </Filter>
    <Filter Include="Engine\03. Manager\04. PathMgr">
      <UniqueIdentifier>{90aad3fd-de30-4287-90c1-88cc1af2eea6}</UniqueIdentifier>
    </Filter>
    <Filter Include="Engine\05. GameObject">
      <UniqueIdentifier>{0be056a3-9682-483e-b694-de37284c6454}</UniqueIdentifier>
    </Filter>
    <Filter Include="Engine\06. Component">
      <UniqueIdentifier>{4faf89c1-7592-4a01-9ede-8fe448587380}</UniqueIdentifier>
    </Filter>
    <Filter Include="Engine\07. Resource">
      <UniqueIdentifier>{5464ca24-068e-456b-8da7-866a0b9806ad}</UniqueIdentifier>
    </Filter>
    <Filter Include="Module">
      <UniqueIdentifier>{976bbae4-82e5-4e7a-8b49-bc2ac244322b}</UniqueIdentifier>
    </Filter>
    <Filter Include="HLSL">
      <UniqueIdentifier>{06682b15-15fa-49a1-b3ea-97248901c29d}</UniqueIdentifier>
    </Filter>
    <Filter Include="Engine\02. Device\Buffer">
      <UniqueIdentifier>{8ee157b0-7f8b-4686-9e66-4376a89c167a}</UniqueIdentifier>
    </Filter>
    <Filter Include="Engine\03. Manager\05. ResMgr">
      <UniqueIdentifier>{7a40b306-7f87-499e-b7c8-e2832d69f800}</UniqueIdentifier>
    </Filter>
    <Filter Include="Engine\06. Component\01. Transform">
      <UniqueIdentifier>{8048d740-4341-4cb8-be32-10fb23a6ea75}</UniqueIdentifier>
    </Filter>
    <Filter Include="Engine\06. Component\RenderComponent">
      <UniqueIdentifier>{bdcfdb66-090a-4aa2-bd14-735942e4bf32}</UniqueIdentifier>
    </Filter>
    <Filter Include="Engine\07. Resource\Mesh">
      <UniqueIdentifier>{383343a9-14f1-4983-996a-6410834fd690}</UniqueIdentifier>
    </Filter>
    <Filter Include="Engine\07. Resource\Texture">
      <UniqueIdentifier>{c8b6b05e-53ae-477a-a6d0-72dda947b452}</UniqueIdentifier>
    </Filter>
    <Filter Include="Engine\07. Resource\Shader">
      <UniqueIdentifier>{020463fe-2e94-4d5f-a915-3b0d368557c2}</UniqueIdentifier>
    </Filter>
    <Filter Include="Engine\07. Resource\Shader\GraphicsShader">
      <UniqueIdentifier>{3f7d62d0-17d2-4be6-932c-931027a0b6c3}</UniqueIdentifier>
    </Filter>
    <Filter Include="Engine\07. Resource\Shader\ComputeShader">
      <UniqueIdentifier>{807053a6-45d5-414c-a34a-bb9791558184}</UniqueIdentifier>
    </Filter>
    <Filter Include="Engine\06. Component\Script">
      <UniqueIdentifier>{26ce4f32-b052-471e-8e69-4afea6eec52f}</UniqueIdentifier>
    </Filter>
    <Filter Include="Engine\Module">
      <UniqueIdentifier>{c77a3f32-c9d3-4e08-b54c-426ee1e5db42}</UniqueIdentifier>
    </Filter>
    <Filter Include="Engine\06. Component\RenderComponent\MeshRender">
      <UniqueIdentifier>{b22dcc0e-73de-4f75-a70c-5202a7b3c83e}</UniqueIdentifier>
    </Filter>
    <Filter Include="Engine\06. Component\RenderComponent\TileMap">
      <UniqueIdentifier>{439a3387-daf6-4d2b-805f-3345d5fbb3b2}</UniqueIdentifier>
    </Filter>
    <Filter Include="Engine\06. Component\RenderComponent\ParticleSystem">
      <UniqueIdentifier>{dd743a78-8bf4-436a-b86f-3c4800f612d3}</UniqueIdentifier>
    </Filter>
    <Filter Include="Engine\06. Component\02. Camera">
      <UniqueIdentifier>{2d907ddd-f30e-4007-84e8-7b62f81eec97}</UniqueIdentifier>
    </Filter>
    <Filter Include="Engine\03. Manager\06. RenderMgr">
      <UniqueIdentifier>{77f11d63-6843-49f3-a393-9ea1305f5793}</UniqueIdentifier>
    </Filter>
    <Filter Include="Engine\03. Manager\07. EventMgr">
      <UniqueIdentifier>{9001aa66-fe3b-4804-8522-118bde41fdb3}</UniqueIdentifier>
    </Filter>
    <Filter Include="Engine\07. Resource\Prefab">
      <UniqueIdentifier>{b0ca1061-c70d-47be-8a12-9b2029147ed1}</UniqueIdentifier>
    </Filter>
    <Filter Include="Engine\06. Component\03. Collider2D">
      <UniqueIdentifier>{302c5cd7-afa9-4149-8337-47332dd67abf}</UniqueIdentifier>
    </Filter>
    <Filter Include="Engine\03. Manager\08. CollisionMgr">
      <UniqueIdentifier>{3dbaf41a-5796-45c9-aedd-de4d8941d096}</UniqueIdentifier>
    </Filter>
    <Filter Include="Engine\06. Component\04. Animator2D">
      <UniqueIdentifier>{1cd7f4d1-5b44-4f63-9ee0-e05f3d29d00a}</UniqueIdentifier>
    </Filter>
    <Filter Include="Engine\06. Component\04. Animator2D\Animation2D">
      <UniqueIdentifier>{bdbb8c36-dc66-40d4-a0e1-cc19ba43f30e}</UniqueIdentifier>
    </Filter>
    <Filter Include="HLSL\Header">
      <UniqueIdentifier>{5bc4bdb9-3983-4425-b9aa-2d126d6c6b8d}</UniqueIdentifier>
    </Filter>
    <Filter Include="HLSL\Render">
      <UniqueIdentifier>{3bedb145-ba5e-4dd2-87de-4468696a75cc}</UniqueIdentifier>
    </Filter>
    <Filter Include="HLSL\Compute">
      <UniqueIdentifier>{47982b75-b463-4cd1-be8e-4146b637830d}</UniqueIdentifier>
    </Filter>
    <Filter Include="HLSL\Compute\PaintShader">
      <UniqueIdentifier>{42957e52-1b5f-4730-b43e-28338978d421}</UniqueIdentifier>
    </Filter>
    <Filter Include="HLSL\Compute\ParticleUpdateShader">
      <UniqueIdentifier>{3ab1fe47-14e0-4d66-ac18-6d2332b9fae2}</UniqueIdentifier>
    </Filter>
    <Filter Include="Engine\07. Resource\Material">
      <UniqueIdentifier>{51b813d4-6507-435a-8d66-25f81011a9aa}</UniqueIdentifier>
    </Filter>
    <Filter Include="Engine\07. Resource\Sound">
      <UniqueIdentifier>{1513d421-d59d-4260-80b9-17d41406311f}</UniqueIdentifier>
    </Filter>
    <Filter Include="Engine\03. Manager\09. FontMgr">
      <UniqueIdentifier>{43ddd65b-15f7-4c37-9d42-12d2000fecef}</UniqueIdentifier>
    </Filter>
    <Filter Include="Engine\03. Manager\10. CSoundMgr">
      <UniqueIdentifier>{14cf4752-7850-403c-ae08-451d83a2cc1c}</UniqueIdentifier>
    </Filter>
    <Filter Include="Engine\03. Manager\11. PlayerMgr">
      <UniqueIdentifier>{d32f1411-8377-43fa-9dc9-e7e97f0b817e}</UniqueIdentifier>
    </Filter>
    <Filter Include="HLSL\Render\2D">
      <UniqueIdentifier>{9ab0282d-575e-4371-9e82-9f8216f802c9}</UniqueIdentifier>
    </Filter>
    <Filter Include="Engine\03. Manager\06. RenderMgr\MRT">
      <UniqueIdentifier>{93bda565-bb7e-4030-93d3-82458e3c3ab0}</UniqueIdentifier>
    </Filter>
    <Filter Include="Engine\06. Component\RenderComponent\CDecal">
      <UniqueIdentifier>{d90ffd0a-819a-4550-b0ad-556a8dbfe6b8}</UniqueIdentifier>
    </Filter>
    <Filter Include="Engine\06. Component\RenderComponent\CSkyBox">
      <UniqueIdentifier>{dd370e08-5fe5-4bfc-a02d-a618a08c5a20}</UniqueIdentifier>
    </Filter>
    <Filter Include="Engine\06. Component\02. Camera\CFrustum">
      <UniqueIdentifier>{9e279cff-9caa-48bc-92ea-acf325360751}</UniqueIdentifier>
    </Filter>
    <Filter Include="Engine\06. Component\RenderComponent\CLandScape">
      <UniqueIdentifier>{b1306ceb-9ac8-4421-9949-0e3c069deff9}</UniqueIdentifier>
    </Filter>
    <Filter Include="HLSL\Compute\HDR">
      <UniqueIdentifier>{fe2ee27d-4181-49ad-9bbe-2ae8fd72925f}</UniqueIdentifier>
    </Filter>
    <Filter Include="HLSL\Compute\CBloom">
      <UniqueIdentifier>{bc6a6bf7-48cd-41a6-a1d5-c1373a5c4b9d}</UniqueIdentifier>
    </Filter>
    <Filter Include="HLSL\Render\3D">
      <UniqueIdentifier>{b0fab69a-3d66-4c1f-a218-cd87b4d8e67a}</UniqueIdentifier>
    </Filter>
    <Filter Include="HLSL\Compute\LandScape">
      <UniqueIdentifier>{683a0278-5677-4e66-a6fd-d794525de6b7}</UniqueIdentifier>
    </Filter>
    <Filter Include="HLSL\Compute\LandScape\HeightMap">
      <UniqueIdentifier>{3ca38cc3-790f-4d4d-8b54-6a51d7023d88}</UniqueIdentifier>
    </Filter>
    <Filter Include="HLSL\Compute\LandScape\RayCast">
      <UniqueIdentifier>{90fd1186-c75f-4dd5-b803-21c6bb4084ea}</UniqueIdentifier>
    </Filter>
    <Filter Include="HLSL\Compute\LandScape\WeightMap">
      <UniqueIdentifier>{2b376529-e938-48d2-ac0b-338a59060f5b}</UniqueIdentifier>
    </Filter>
    <Filter Include="Engine\07. Resource\MeshData">
      <UniqueIdentifier>{0ecd4678-6903-44ca-88bb-30818ec6f52d}</UniqueIdentifier>
    </Filter>
    <Filter Include="Engine\06. Component\08. RigidBody2D">
      <UniqueIdentifier>{6cffbd56-7e58-47f4-a481-6ae9ae718b54}</UniqueIdentifier>
    </Filter>
    <Filter Include="Engine\06. Component\06. Light2D">
      <UniqueIdentifier>{fb441322-967b-4200-8440-43860164843a}</UniqueIdentifier>
    </Filter>
    <Filter Include="Engine\06. Component\07. Light3D">
      <UniqueIdentifier>{d9644657-ab15-4dc9-a7f2-2019646acb2a}</UniqueIdentifier>
    </Filter>
    <Filter Include="Engine\06. Component\05. Animator3D">
      <UniqueIdentifier>{d6dfff8e-7821-482a-bc5c-dea6b0e47192}</UniqueIdentifier>
    </Filter>
    <Filter Include="HLSL\Compute\Animation3D">
      <UniqueIdentifier>{ca8e9ad0-0241-4aa8-8e81-7e276632ab40}</UniqueIdentifier>
    </Filter>
    <Filter Include="HLSL\Compute\CCopyBone">
      <UniqueIdentifier>{01ea0132-7868-47ee-a8e4-e4087d8faf89}</UniqueIdentifier>
    </Filter>
    <Filter Include="Engine\06. Component\05. Animator3D\Animation3D">
      <UniqueIdentifier>{ff68942c-c2b3-4d99-8833-8dd6695f37cf}</UniqueIdentifier>
    </Filter>
    <Filter Include="Engine\03. Manager\12. PhysXMgr">
      <UniqueIdentifier>{a262a0b5-ce28-4ea3-8f06-08ec8019e143}</UniqueIdentifier>
    </Filter>
    <Filter Include="Engine\06. Component\09. RigidBody3D">
      <UniqueIdentifier>{e35eb781-2f94-4bbc-83bb-2d4f1c14ca51}</UniqueIdentifier>
    </Filter>
    <Filter Include="Engine\06. Component\10. AI">
      <UniqueIdentifier>{7373699a-4911-4c54-8fed-d10caaf68c23}</UniqueIdentifier>
    </Filter>
    <Filter Include="Engine\03. Manager\12. PhysXMgr\EventCallBack">
      <UniqueIdentifier>{ff4df99d-fdbc-49e0-87ad-586bbe015108}</UniqueIdentifier>
    </Filter>
    <Filter Include="Engine\03. Manager\12. PhysXMgr\RaycastMgr">
      <UniqueIdentifier>{e9a5a504-6031-40e4-b118-ffd2b06f37dc}</UniqueIdentifier>
    </Filter>
    <Filter Include="Engine\03. Manager\12. PhysXMgr\RaycastMgr\CRayCast">
      <UniqueIdentifier>{b6f3b586-716f-46f4-8430-57000a40ebfd}</UniqueIdentifier>
    </Filter>
    <Filter Include="Engine\03. Manager\04. PathMgr\JsonMgr">
      <UniqueIdentifier>{f653d015-fc6b-4c10-8361-08a26e0c8e83}</UniqueIdentifier>
    </Filter>
    <Filter Include="Engine\03. Manager\12. PhysXMgr\UserErrorCallback">
      <UniqueIdentifier>{31e3b4f1-63f7-460f-b703-92fec5da182e}</UniqueIdentifier>
    </Filter>
    <Filter Include="Engine\06. Component\09. RigidBody3D\CPlayerController">
      <UniqueIdentifier>{9e58155f-1cc5-4b77-91a1-553399b394a9}</UniqueIdentifier>
    </Filter>
  </ItemGroup>
  <ItemGroup>
    <ClInclude Include="framework.h">
      <Filter>Default</Filter>
    </ClInclude>
    <ClInclude Include="pch.h">
      <Filter>Default</Filter>
    </ClInclude>
    <ClInclude Include="CEngine.h">
      <Filter>Engine\01. Engine</Filter>
    </ClInclude>
    <ClInclude Include="define.h">
      <Filter>Engine\00. Header</Filter>
    </ClInclude>
    <ClInclude Include="global.h">
      <Filter>Engine\00. Header</Filter>
    </ClInclude>
    <ClInclude Include="CTimeMgr.h">
      <Filter>Engine\03. Manager\01. TimeMgr</Filter>
    </ClInclude>
    <ClInclude Include="CKeyMgr.h">
      <Filter>Engine\03. Manager\02. KeyMgr</Filter>
    </ClInclude>
    <ClInclude Include="CLevelMgr.h">
      <Filter>Engine\03. Manager\03. LevelMgr</Filter>
    </ClInclude>
    <ClInclude Include="CLevel.h">
      <Filter>Engine\04. Level</Filter>
    </ClInclude>
    <ClInclude Include="CEntity.h">
      <Filter>Module</Filter>
    </ClInclude>
    <ClInclude Include="SimpleMath.h">
      <Filter>Module</Filter>
    </ClInclude>
    <ClInclude Include="CDevice.h">
      <Filter>Engine\02. Device</Filter>
    </ClInclude>
    <ClInclude Include="struct.h">
      <Filter>Engine\00. Header</Filter>
    </ClInclude>
    <ClInclude Include="CPathMgr.h">
      <Filter>Engine\03. Manager\04. PathMgr</Filter>
    </ClInclude>
    <ClInclude Include="Ptr.h">
      <Filter>Engine\07. Resource</Filter>
    </ClInclude>
    <ClInclude Include="CConstBuffer.h">
      <Filter>Engine\02. Device\Buffer</Filter>
    </ClInclude>
    <ClInclude Include="CRes.h">
      <Filter>Engine\07. Resource</Filter>
    </ClInclude>
    <ClInclude Include="CMesh.h">
      <Filter>Engine\07. Resource\Mesh</Filter>
    </ClInclude>
    <ClInclude Include="CResMgr.h">
      <Filter>Engine\03. Manager\05. ResMgr</Filter>
    </ClInclude>
    <ClInclude Include="func.h">
      <Filter>Engine\00. Header</Filter>
    </ClInclude>
    <ClInclude Include="CShader.h">
      <Filter>Engine\07. Resource\Shader</Filter>
    </ClInclude>
    <ClInclude Include="CComputeShader.h">
      <Filter>Engine\07. Resource\Shader\ComputeShader</Filter>
    </ClInclude>
    <ClInclude Include="CGraphicsShader.h">
      <Filter>Engine\07. Resource\Shader\GraphicsShader</Filter>
    </ClInclude>
    <ClInclude Include="CComponent.h">
      <Filter>Engine\06. Component</Filter>
    </ClInclude>
    <ClInclude Include="CTransform.h">
      <Filter>Engine\06. Component\01. Transform</Filter>
    </ClInclude>
    <ClInclude Include="CLayer.h">
      <Filter>Engine\04. Level</Filter>
    </ClInclude>
    <ClInclude Include="CTexture.h">
      <Filter>Engine\07. Resource\Texture</Filter>
    </ClInclude>
    <ClInclude Include="CMaterial.h">
      <Filter>Engine\07. Resource\Material</Filter>
    </ClInclude>
    <ClInclude Include="CScript.h">
      <Filter>Engine\06. Component\Script</Filter>
    </ClInclude>
    <ClInclude Include="GlobalComponent.h">
      <Filter>Engine\00. Header</Filter>
    </ClInclude>
    <ClInclude Include="singleton.h">
      <Filter>Engine\Module</Filter>
    </ClInclude>
    <ClInclude Include="CRenderComponent.h">
      <Filter>Engine\06. Component\RenderComponent</Filter>
    </ClInclude>
    <ClInclude Include="CMeshRender.h">
      <Filter>Engine\06. Component\RenderComponent\MeshRender</Filter>
    </ClInclude>
    <ClInclude Include="CCamera.h">
      <Filter>Engine\06. Component\02. Camera</Filter>
    </ClInclude>
    <ClInclude Include="CRenderMgr.h">
      <Filter>Engine\03. Manager\06. RenderMgr</Filter>
    </ClInclude>
    <ClInclude Include="CEventMgr.h">
      <Filter>Engine\03. Manager\07. EventMgr</Filter>
    </ClInclude>
    <ClInclude Include="CCollider2D.h">
      <Filter>Engine\06. Component\03. Collider2D</Filter>
    </ClInclude>
    <ClInclude Include="CCollisionMgr.h">
      <Filter>Engine\03. Manager\08. CollisionMgr</Filter>
    </ClInclude>
    <ClInclude Include="CPrefab.h">
      <Filter>Engine\07. Resource\Prefab</Filter>
    </ClInclude>
    <ClInclude Include="CAnimator2D.h">
      <Filter>Engine\06. Component\04. Animator2D</Filter>
    </ClInclude>
    <ClInclude Include="CAnimation2D.h">
      <Filter>Engine\06. Component\04. Animator2D\Animation2D</Filter>
    </ClInclude>
    <ClInclude Include="CStructuredBuffer.h">
      <Filter>Engine\02. Device\Buffer</Filter>
    </ClInclude>
    <ClInclude Include="CLight2D.h">
      <Filter>Engine\06. Component\06. Light2D</Filter>
    </ClInclude>
    <ClInclude Include="CPaintShader.h">
      <Filter>HLSL\Compute\PaintShader</Filter>
    </ClInclude>
    <ClInclude Include="CParticleSystem.h">
      <Filter>Engine\06. Component\RenderComponent\ParticleSystem</Filter>
    </ClInclude>
    <ClInclude Include="CParticleUpdateShader.h">
      <Filter>HLSL\Compute\ParticleUpdateShader</Filter>
    </ClInclude>
    <ClInclude Include="CTileMap.h">
      <Filter>Engine\06. Component\RenderComponent\TileMap</Filter>
    </ClInclude>
    <ClInclude Include="CSound.h">
      <Filter>Engine\07. Resource\Sound</Filter>
    </ClInclude>
    <ClInclude Include="CRigidBody2D.h">
      <Filter>Engine\06. Component\08. RigidBody2D</Filter>
    </ClInclude>
    <ClInclude Include="CAI.h">
      <Filter>Engine\06. Component\10. AI</Filter>
    </ClInclude>
    <ClInclude Include="CFontMgr.h">
      <Filter>Engine\03. Manager\09. FontMgr</Filter>
    </ClInclude>
    <ClInclude Include="CGameObject.h">
      <Filter>Engine\05. GameObject</Filter>
    </ClInclude>
    <ClInclude Include="CSoundMgr.h">
      <Filter>Engine\03. Manager\10. CSoundMgr</Filter>
    </ClInclude>
    <ClInclude Include="CPlayerMgr.h">
      <Filter>Engine\03. Manager\11. PlayerMgr</Filter>
    </ClInclude>
    <ClInclude Include="CLight3D.h">
      <Filter>Engine\06. Component\07. Light3D</Filter>
    </ClInclude>
    <ClInclude Include="CMRT.h">
      <Filter>Engine\03. Manager\06. RenderMgr\MRT</Filter>
    </ClInclude>
    <ClInclude Include="CDecal.h">
      <Filter>Engine\06. Component\RenderComponent\CDecal</Filter>
    </ClInclude>
    <ClInclude Include="CSkyBox.h">
      <Filter>Engine\06. Component\RenderComponent\CSkyBox</Filter>
    </ClInclude>
    <ClInclude Include="CFrustum.h">
      <Filter>Engine\06. Component\02. Camera\CFrustum</Filter>
    </ClInclude>
    <ClInclude Include="CLandScape.h">
      <Filter>Engine\06. Component\RenderComponent\CLandScape</Filter>
    </ClInclude>
    <ClInclude Include="CHDR.h">
      <Filter>HLSL\Compute\HDR</Filter>
    </ClInclude>
    <ClInclude Include="CBloom.h">
      <Filter>HLSL\Compute\CBloom</Filter>
    </ClInclude>
    <ClInclude Include="CHeightMapShader.h">
      <Filter>HLSL\Compute\LandScape\HeightMap</Filter>
    </ClInclude>
    <ClInclude Include="CRaycastShader.h">
      <Filter>HLSL\Compute\LandScape\RayCast</Filter>
    </ClInclude>
    <ClInclude Include="CWeightMapShader.h">
      <Filter>HLSL\Compute\LandScape\WeightMap</Filter>
    </ClInclude>
    <ClInclude Include="CFBXLoader.h">
      <Filter>Engine\07. Resource\MeshData</Filter>
    </ClInclude>
    <ClInclude Include="CMeshData.h">
      <Filter>Engine\07. Resource\MeshData</Filter>
    </ClInclude>
    <ClInclude Include="CAnimator3D.h">
      <Filter>Engine\06. Component\05. Animator3D</Filter>
    </ClInclude>
    <ClInclude Include="CAnimation3DShader.h">
      <Filter>HLSL\Compute\Animation3D</Filter>
    </ClInclude>
    <ClInclude Include="CCopyBoneShader.h">
      <Filter>HLSL\Compute\CCopyBone</Filter>
    </ClInclude>
    <ClInclude Include="CInstancingBuffer.h">
      <Filter>Engine\02. Device\Buffer</Filter>
    </ClInclude>
    <ClInclude Include="CAnimation3D.h">
      <Filter>Engine\06. Component\05. Animator3D\Animation3D</Filter>
    </ClInclude>
    <ClInclude Include="PhysXMgr.h">
      <Filter>Engine\03. Manager\12. PhysXMgr</Filter>
    </ClInclude>
    <ClInclude Include="CRigidBody3D.h">
      <Filter>Engine\06. Component\09. RigidBody3D</Filter>
    </ClInclude>
    <ClInclude Include="EventCallBack.h">
      <Filter>Engine\03. Manager\12. PhysXMgr\EventCallBack</Filter>
    </ClInclude>
    <ClInclude Include="CRayCast.h">
      <Filter>Engine\03. Manager\12. PhysXMgr\RaycastMgr\CRayCast</Filter>
    </ClInclude>
    <ClInclude Include="RaycastMgr.h">
      <Filter>Engine\03. Manager\12. PhysXMgr\RaycastMgr</Filter>
    </ClInclude>
    <ClInclude Include="..\..\3. External\Include\json\json.h">
      <Filter>Engine\03. Manager\04. PathMgr\JsonMgr</Filter>
    </ClInclude>
    <ClInclude Include="..\..\3. External\Include\json\json-forwards.h">
      <Filter>Engine\03. Manager\04. PathMgr\JsonMgr</Filter>
    </ClInclude>
    <ClInclude Include="UserErrorCallback.h">
      <Filter>Engine\03. Manager\12. PhysXMgr\UserErrorCallback</Filter>
    </ClInclude>
    <ClInclude Include="CPlayerController.h">
      <Filter>Engine\06. Component\09. RigidBody3D\CPlayerController</Filter>
    </ClInclude>
  </ItemGroup>
  <ItemGroup>
    <ClCompile Include="pch.cpp">
      <Filter>Default</Filter>
    </ClCompile>
    <ClCompile Include="CEngine.cpp">
      <Filter>Engine\01. Engine</Filter>
    </ClCompile>
    <ClCompile Include="Engine.cpp">
      <Filter>Default</Filter>
    </ClCompile>
    <ClCompile Include="CTimeMgr.cpp">
      <Filter>Engine\03. Manager\01. TimeMgr</Filter>
    </ClCompile>
    <ClCompile Include="CKeyMgr.cpp">
      <Filter>Engine\03. Manager\02. KeyMgr</Filter>
    </ClCompile>
    <ClCompile Include="CLevelMgr.cpp">
      <Filter>Engine\03. Manager\03. LevelMgr</Filter>
    </ClCompile>
    <ClCompile Include="CLevel.cpp">
      <Filter>Engine\04. Level</Filter>
    </ClCompile>
    <ClCompile Include="CEntity.cpp">
      <Filter>Module</Filter>
    </ClCompile>
    <ClCompile Include="CDevice.cpp">
      <Filter>Engine\02. Device</Filter>
    </ClCompile>
    <ClCompile Include="CPathMgr.cpp">
      <Filter>Engine\03. Manager\04. PathMgr</Filter>
    </ClCompile>
    <ClCompile Include="CConstBuffer.cpp">
      <Filter>Engine\02. Device\Buffer</Filter>
    </ClCompile>
    <ClCompile Include="CRes.cpp">
      <Filter>Engine\07. Resource</Filter>
    </ClCompile>
    <ClCompile Include="CMesh.cpp">
      <Filter>Engine\07. Resource\Mesh</Filter>
    </ClCompile>
    <ClCompile Include="CResMgr.cpp">
      <Filter>Engine\03. Manager\05. ResMgr</Filter>
    </ClCompile>
    <ClCompile Include="CShader.cpp">
      <Filter>Engine\07. Resource\Shader</Filter>
    </ClCompile>
    <ClCompile Include="CComputeShader.cpp">
      <Filter>Engine\07. Resource\Shader\ComputeShader</Filter>
    </ClCompile>
    <ClCompile Include="CGraphicsShader.cpp">
      <Filter>Engine\07. Resource\Shader\GraphicsShader</Filter>
    </ClCompile>
    <ClCompile Include="func.cpp">
      <Filter>Engine\00. Header</Filter>
    </ClCompile>
    <ClCompile Include="CGameObject.cpp">
      <Filter>Engine\05. GameObject</Filter>
    </ClCompile>
    <ClCompile Include="CComponent.cpp">
      <Filter>Engine\06. Component</Filter>
    </ClCompile>
    <ClCompile Include="CTransform.cpp">
      <Filter>Engine\06. Component\01. Transform</Filter>
    </ClCompile>
    <ClCompile Include="CLayer.cpp">
      <Filter>Engine\04. Level</Filter>
    </ClCompile>
    <ClCompile Include="CTexture.cpp">
      <Filter>Engine\07. Resource\Texture</Filter>
    </ClCompile>
    <ClCompile Include="CMaterial.cpp">
      <Filter>Engine\07. Resource\Material</Filter>
    </ClCompile>
    <ClCompile Include="CScript.cpp">
      <Filter>Engine\06. Component\Script</Filter>
    </ClCompile>
    <ClCompile Include="CRenderComponent.cpp">
      <Filter>Engine\06. Component\RenderComponent</Filter>
    </ClCompile>
    <ClCompile Include="CMeshRender.cpp">
      <Filter>Engine\06. Component\RenderComponent\MeshRender</Filter>
    </ClCompile>
    <ClCompile Include="CCamera.cpp">
      <Filter>Engine\06. Component\02. Camera</Filter>
    </ClCompile>
    <ClCompile Include="extern.cpp">
      <Filter>Engine\00. Header</Filter>
    </ClCompile>
    <ClCompile Include="CRenderMgr.cpp">
      <Filter>Engine\03. Manager\06. RenderMgr</Filter>
    </ClCompile>
    <ClCompile Include="CEventMgr.cpp">
      <Filter>Engine\03. Manager\07. EventMgr</Filter>
    </ClCompile>
    <ClCompile Include="CCollider2D.cpp">
      <Filter>Engine\06. Component\03. Collider2D</Filter>
    </ClCompile>
    <ClCompile Include="CCollisionMgr.cpp">
      <Filter>Engine\03. Manager\08. CollisionMgr</Filter>
    </ClCompile>
    <ClCompile Include="CPrefab.cpp">
      <Filter>Engine\07. Resource\Prefab</Filter>
    </ClCompile>
    <ClCompile Include="CAnimator2D.cpp">
      <Filter>Engine\06. Component\04. Animator2D</Filter>
    </ClCompile>
    <ClCompile Include="CAnimation2D.cpp">
      <Filter>Engine\06. Component\04. Animator2D\Animation2D</Filter>
    </ClCompile>
    <ClCompile Include="CStructuredBuffer.cpp">
      <Filter>Engine\02. Device\Buffer</Filter>
    </ClCompile>
    <ClCompile Include="CLight2D.cpp">
      <Filter>Engine\06. Component\06. Light2D</Filter>
    </ClCompile>
    <ClCompile Include="CPaintShader.cpp">
      <Filter>HLSL\Compute\PaintShader</Filter>
    </ClCompile>
    <ClCompile Include="CParticleSystem.cpp">
      <Filter>Engine\06. Component\RenderComponent\ParticleSystem</Filter>
    </ClCompile>
    <ClCompile Include="CParticleUpdateShader.cpp">
      <Filter>HLSL\Compute\ParticleUpdateShader</Filter>
    </ClCompile>
    <ClCompile Include="CTileMap.cpp">
      <Filter>Engine\06. Component\RenderComponent\TileMap</Filter>
    </ClCompile>
    <ClCompile Include="CResMgr_init.cpp">
      <Filter>Engine\03. Manager\05. ResMgr</Filter>
    </ClCompile>
    <ClCompile Include="CSound.cpp">
      <Filter>Engine\07. Resource\Sound</Filter>
    </ClCompile>
    <ClCompile Include="CRigidBody2D.cpp">
      <Filter>Engine\06. Component\08. RigidBody2D</Filter>
    </ClCompile>
    <ClCompile Include="CAI.cpp">
      <Filter>Engine\06. Component\10. AI</Filter>
    </ClCompile>
    <ClCompile Include="CFontMgr.cpp">
      <Filter>Engine\03. Manager\09. FontMgr</Filter>
    </ClCompile>
    <ClCompile Include="CSoundMgr.cpp">
      <Filter>Engine\03. Manager\10. CSoundMgr</Filter>
    </ClCompile>
    <ClCompile Include="CPlayerMgr.cpp">
      <Filter>Engine\03. Manager\11. PlayerMgr</Filter>
    </ClCompile>
    <ClCompile Include="CLight3D.cpp">
      <Filter>Engine\06. Component\07. Light3D</Filter>
    </ClCompile>
    <ClCompile Include="CRenderMgr_init.cpp">
      <Filter>Engine\03. Manager\06. RenderMgr</Filter>
    </ClCompile>
    <ClCompile Include="CMRT.cpp">
      <Filter>Engine\03. Manager\06. RenderMgr\MRT</Filter>
    </ClCompile>
    <ClCompile Include="CDecal.cpp">
      <Filter>Engine\06. Component\RenderComponent\CDecal</Filter>
    </ClCompile>
    <ClCompile Include="CSkyBox.cpp">
      <Filter>Engine\06. Component\RenderComponent\CSkyBox</Filter>
    </ClCompile>
    <ClCompile Include="CFrustum.cpp">
      <Filter>Engine\06. Component\02. Camera\CFrustum</Filter>
    </ClCompile>
    <ClCompile Include="CLandScape.cpp">
      <Filter>Engine\06. Component\RenderComponent\CLandScape</Filter>
    </ClCompile>
    <ClCompile Include="CHDR.cpp">
      <Filter>HLSL\Compute\HDR</Filter>
    </ClCompile>
    <ClCompile Include="CBloom.cpp">
      <Filter>HLSL\Compute\CBloom</Filter>
    </ClCompile>
    <ClCompile Include="CHeightMapShader.cpp">
      <Filter>HLSL\Compute\LandScape\HeightMap</Filter>
    </ClCompile>
    <ClCompile Include="CRaycastShader.cpp">
      <Filter>HLSL\Compute\LandScape\RayCast</Filter>
    </ClCompile>
    <ClCompile Include="CWeightMapShader.cpp">
      <Filter>HLSL\Compute\LandScape\WeightMap</Filter>
    </ClCompile>
    <ClCompile Include="CFBXLoader.cpp">
      <Filter>Engine\07. Resource\MeshData</Filter>
    </ClCompile>
    <ClCompile Include="CMeshData.cpp">
      <Filter>Engine\07. Resource\MeshData</Filter>
    </ClCompile>
    <ClCompile Include="CAnimator3D.cpp">
      <Filter>Engine\06. Component\05. Animator3D</Filter>
    </ClCompile>
    <ClCompile Include="CAnimation3DShader.cpp">
      <Filter>HLSL\Compute\Animation3D</Filter>
    </ClCompile>
    <ClCompile Include="CCopyBoneShader.cpp">
      <Filter>HLSL\Compute\CCopyBone</Filter>
    </ClCompile>
    <ClCompile Include="CInstancingBuffer.cpp">
      <Filter>Engine\02. Device\Buffer</Filter>
    </ClCompile>
    <ClCompile Include="CAnimation3D.cpp">
      <Filter>Engine\06. Component\05. Animator3D\Animation3D</Filter>
    </ClCompile>
    <ClCompile Include="PhysXMgr.cpp">
      <Filter>Engine\03. Manager\12. PhysXMgr</Filter>
    </ClCompile>
    <ClCompile Include="CRigidBody3D.cpp">
      <Filter>Engine\06. Component\09. RigidBody3D</Filter>
    </ClCompile>
    <ClCompile Include="CLandScape_init.cpp">
      <Filter>Engine\06. Component\RenderComponent\CLandScape</Filter>
    </ClCompile>
    <ClCompile Include="EventCallBack.cpp">
      <Filter>Engine\03. Manager\12. PhysXMgr\EventCallBack</Filter>
    </ClCompile>
    <ClCompile Include="CRayCast.cpp">
      <Filter>Engine\03. Manager\12. PhysXMgr\RaycastMgr\CRayCast</Filter>
    </ClCompile>
    <ClCompile Include="RaycastMgr.cpp">
      <Filter>Engine\03. Manager\12. PhysXMgr\RaycastMgr</Filter>
    </ClCompile>
    <ClCompile Include="jsoncpp.cpp">
      <Filter>Engine\03. Manager\04. PathMgr\JsonMgr</Filter>
    </ClCompile>
    <ClCompile Include="UserErrorCallback.cpp">
      <Filter>Engine\03. Manager\12. PhysXMgr\UserErrorCallback</Filter>
    </ClCompile>
    <ClCompile Include="CPlayerController.cpp">
      <Filter>Engine\06. Component\09. RigidBody3D\CPlayerController</Filter>
    </ClCompile>
  </ItemGroup>
  <ItemGroup>
    <None Include="SimpleMath.inl">
      <Filter>Module</Filter>
    </None>
    <None Include="cpp.hint" />
  </ItemGroup>
  <ItemGroup>
    <FxCompile Include="func.fx">
      <Filter>HLSL\Header</Filter>
    </FxCompile>
    <FxCompile Include="register.fx">
      <Filter>HLSL\Header</Filter>
    </FxCompile>
    <FxCompile Include="struct.fx">
      <Filter>HLSL\Header</Filter>
    </FxCompile>
    <FxCompile Include="compute.fx">
      <Filter>HLSL\Compute\PaintShader</Filter>
    </FxCompile>
    <FxCompile Include="particleupdate.fx">
      <Filter>HLSL\Compute\ParticleUpdateShader</Filter>
    </FxCompile>
    <FxCompile Include="RazerParticle.fx">
      <Filter>HLSL\Compute\ParticleUpdateShader</Filter>
    </FxCompile>
    <FxCompile Include="BloodParticle.fx">
      <Filter>HLSL\Compute\ParticleUpdateShader</Filter>
    </FxCompile>
    <FxCompile Include="Razer_spark.fx">
      <Filter>HLSL\Compute\ParticleUpdateShader</Filter>
    </FxCompile>
    <FxCompile Include="Rain.fx">
      <Filter>HLSL\Compute\ParticleUpdateShader</Filter>
    </FxCompile>
    <FxCompile Include="std3d.fx">
      <Filter>HLSL\Render\3D</Filter>
    </FxCompile>
    <FxCompile Include="blood.fx">
      <Filter>HLSL\Render\2D</Filter>
    </FxCompile>
    <FxCompile Include="burn.fx">
      <Filter>HLSL\Render\2D</Filter>
    </FxCompile>
    <FxCompile Include="debugdraw.fx">
      <Filter>HLSL\Render\2D</Filter>
    </FxCompile>
    <FxCompile Include="editor.fx">
      <Filter>HLSL\Render\2D</Filter>
    </FxCompile>
    <FxCompile Include="particlerender.fx">
      <Filter>HLSL\Render\2D</Filter>
    </FxCompile>
    <FxCompile Include="postprocess.fx">
      <Filter>HLSL\Render\2D</Filter>
    </FxCompile>
    <FxCompile Include="std2d.fx">
      <Filter>HLSL\Render\2D</Filter>
    </FxCompile>
    <FxCompile Include="test.fx">
      <Filter>HLSL\Render\2D</Filter>
    </FxCompile>
    <FxCompile Include="tilemap.fx">
      <Filter>HLSL\Render\2D</Filter>
    </FxCompile>
    <FxCompile Include="std3d_deferred.fx">
      <Filter>HLSL\Render\3D</Filter>
    </FxCompile>
    <FxCompile Include="merge.fx">
      <Filter>HLSL\Render\3D</Filter>
    </FxCompile>
    <FxCompile Include="light.fx">
      <Filter>HLSL\Render\3D</Filter>
    </FxCompile>
    <FxCompile Include="decal.fx">
      <Filter>HLSL\Render\3D</Filter>
    </FxCompile>
    <FxCompile Include="skybox.fx">
      <Filter>HLSL\Render\3D</Filter>
    </FxCompile>
    <FxCompile Include="frustum.fx">
      <Filter>HLSL\Render\3D</Filter>
    </FxCompile>
    <FxCompile Include="tess.fx">
      <Filter>HLSL\Render\3D</Filter>
    </FxCompile>
    <FxCompile Include="HDR.fx">
      <Filter>HLSL\Compute\HDR</Filter>
    </FxCompile>
    <FxCompile Include="Bloom.fx">
      <Filter>HLSL\Compute\CBloom</Filter>
    </FxCompile>
    <FxCompile Include="landscape.fx">
      <Filter>HLSL\Render\3D</Filter>
    </FxCompile>
    <FxCompile Include="heightmap.fx">
      <Filter>HLSL\Compute\LandScape\HeightMap</Filter>
    </FxCompile>
    <FxCompile Include="raycast.fx">
      <Filter>HLSL\Compute\LandScape\RayCast</Filter>
    </FxCompile>
    <FxCompile Include="bloomPS.fx">
      <Filter>HLSL\Render\3D</Filter>
    </FxCompile>
    <FxCompile Include="weightmap.fx">
      <Filter>HLSL\Compute\LandScape\WeightMap</Filter>
    </FxCompile>
    <FxCompile Include="animation3d.fx">
      <Filter>HLSL\Compute\Animation3D</Filter>
    </FxCompile>
    <FxCompile Include="copybone.fx">
      <Filter>HLSL\Compute\CCopyBone</Filter>
    </FxCompile>
  </ItemGroup>
</Project>